
Microsoft Visual Studio Solution File, Format Version 12.00
# Visual Studio Version 16
VisualStudioVersion = 16.0.32802.440
MinimumVisualStudioVersion = 10.0.40219.1
Project("{FAE04EC0-301F-11D3-BF4B-00C04F79EFBC}") = "pryDienteFeliz", "pryDienteFeliz.csproj", "{5A0A0190-E22B-4CBC-9DFE-E937EEAC018B}"
EndProject
Global
	GlobalSection(SolutionConfigurationPlatforms) = preSolution
		Debug|Any CPU = Debug|Any CPU
		Release|Any CPU = Release|Any CPU
	EndGlobalSection
	GlobalSection(ProjectConfigurationPlatforms) = postSolution
		{5A0A0190-E22B-4CBC-9DFE-E937EEAC018B}.Debug|Any CPU.ActiveCfg = Debug|Any CPU
		{5A0A0190-E22B-4CBC-9DFE-E937EEAC018B}.Debug|Any CPU.Build.0 = Debug|Any CPU
		{5A0A0190-E22B-4CBC-9DFE-E937EEAC018B}.Release|Any CPU.ActiveCfg = Release|Any CPU
		{5A0A0190-E22B-4CBC-9DFE-E937EEAC018B}.Release|Any CPU.Build.0 = Release|Any CPU
	EndGlobalSection
	GlobalSection(SolutionProperties) = preSolution
		HideSolutionNode = FALSE
	EndGlobalSection
	GlobalSection(ExtensibilityGlobals) = postSolution
		SolutionGuid = {2AB60C83-DB37-4CD8-B4C0-C52E9F7486F3}
	EndGlobalSection
EndGlobal
